// !$*UTF8*$!
{
	archiveVersion = 1;
	classes = {
	};
	objectVersion = 51;
	objects = {

/* Begin PBXBuildFile section */
		295B83D8DBC14BCFCB9B0341 /* Pods_BetterTimerUITests.framework in Frameworks */ = {isa = PBXBuildFile; fileRef = 66B466BC1355D37863F549CF /* Pods_BetterTimerUITests.framework */; };
		66CE574C502C51529CBA1E45 /* Pods_BetterTimer.framework in Frameworks */ = {isa = PBXBuildFile; fileRef = BF7D9437257A11198390ED5E /* Pods_BetterTimer.framework */; };
		E3D406EE074E3FCD8C773E7B /* Pods_BetterTimerTests.framework in Frameworks */ = {isa = PBXBuildFile; fileRef = 23C6C2F76B7BAC81CCCD2D47 /* Pods_BetterTimerTests.framework */; };
		FA498B3122047BBF001391C1 /* BTGlobalTimer.swift in Sources */ = {isa = PBXBuildFile; fileRef = FA498B3022047BBF001391C1 /* BTGlobalTimer.swift */; };
		FA498B332204800F001391C1 /* MainArcView.swift in Sources */ = {isa = PBXBuildFile; fileRef = FA498B322204800F001391C1 /* MainArcView.swift */; };
		FA55BF8622E8897900137D0C /* PreferenceController.swift in Sources */ = {isa = PBXBuildFile; fileRef = FA55BF8522E8897900137D0C /* PreferenceController.swift */; };
		FA6245DB222979A10029152E /* LaunchScreen.storyboard in Resources */ = {isa = PBXBuildFile; fileRef = FA6245DA222979A10029152E /* LaunchScreen.storyboard */; };
		FA6A8B9423168C100090C1BA /* MainViewModel.swift in Sources */ = {isa = PBXBuildFile; fileRef = FA6A8B9323168C100090C1BA /* MainViewModel.swift */; };
		FA6A8B982316A28A0090C1BA /* NotificationManager.swift in Sources */ = {isa = PBXBuildFile; fileRef = FA6A8B972316A28A0090C1BA /* NotificationManager.swift */; };
		FA6A8B9A2316A2A30090C1BA /* TimerManager.swift in Sources */ = {isa = PBXBuildFile; fileRef = FA6A8B992316A2A30090C1BA /* TimerManager.swift */; };
		FA6A8B9D2318E2860090C1BA /* Coordinator.swift in Sources */ = {isa = PBXBuildFile; fileRef = FA6A8B9C2318E2860090C1BA /* Coordinator.swift */; };
		FA6A8B9F2318E3300090C1BA /* AppCoordinator.swift in Sources */ = {isa = PBXBuildFile; fileRef = FA6A8B9E2318E3300090C1BA /* AppCoordinator.swift */; };
		FA6A8BA12318EB9A0090C1BA /* NavigationDelegate.swift in Sources */ = {isa = PBXBuildFile; fileRef = FA6A8BA02318EB9A0090C1BA /* NavigationDelegate.swift */; };
		FAA414A922033B1A00AB0707 /* AppDelegate.swift in Sources */ = {isa = PBXBuildFile; fileRef = FAA414A822033B1A00AB0707 /* AppDelegate.swift */; };
		FAA414AB22033B1A00AB0707 /* MainController.swift in Sources */ = {isa = PBXBuildFile; fileRef = FAA414AA22033B1A00AB0707 /* MainController.swift */; };
		FAA414B022033B1B00AB0707 /* Assets.xcassets in Resources */ = {isa = PBXBuildFile; fileRef = FAA414AF22033B1B00AB0707 /* Assets.xcassets */; };
		FAA414BE22033B1B00AB0707 /* BetterTimerTests.swift in Sources */ = {isa = PBXBuildFile; fileRef = FAA414BD22033B1B00AB0707 /* BetterTimerTests.swift */; };
		FAA414C922033B1B00AB0707 /* BetterTimerUITests.swift in Sources */ = {isa = PBXBuildFile; fileRef = FAA414C822033B1B00AB0707 /* BetterTimerUITests.swift */; };
		FACD62D42205BEDC00E4681C /* BTPreference.swift in Sources */ = {isa = PBXBuildFile; fileRef = FACD62D32205BEDC00E4681C /* BTPreference.swift */; };
/* End PBXBuildFile section */

/* Begin PBXContainerItemProxy section */
		FAA414BA22033B1B00AB0707 /* PBXContainerItemProxy */ = {
			isa = PBXContainerItemProxy;
			containerPortal = FAA4149D22033B1A00AB0707 /* Project object */;
			proxyType = 1;
			remoteGlobalIDString = FAA414A422033B1A00AB0707;
			remoteInfo = BetterTimer;
		};
		FAA414C522033B1B00AB0707 /* PBXContainerItemProxy */ = {
			isa = PBXContainerItemProxy;
			containerPortal = FAA4149D22033B1A00AB0707 /* Project object */;
			proxyType = 1;
			remoteGlobalIDString = FAA414A422033B1A00AB0707;
			remoteInfo = BetterTimer;
		};
/* End PBXContainerItemProxy section */

/* Begin PBXFileReference section */
		1ECF87627D570C66CBCF3FBA /* Pods-BetterTimerTests.release.xcconfig */ = {isa = PBXFileReference; includeInIndex = 1; lastKnownFileType = text.xcconfig; name = "Pods-BetterTimerTests.release.xcconfig"; path = "Pods/Target Support Files/Pods-BetterTimerTests/Pods-BetterTimerTests.release.xcconfig"; sourceTree = "<group>"; };
		23C6C2F76B7BAC81CCCD2D47 /* Pods_BetterTimerTests.framework */ = {isa = PBXFileReference; explicitFileType = wrapper.framework; includeInIndex = 0; path = Pods_BetterTimerTests.framework; sourceTree = BUILT_PRODUCTS_DIR; };
		2506E6F3E4413EB5F0C540B6 /* Pods-BetterTimerUITests.debug.xcconfig */ = {isa = PBXFileReference; includeInIndex = 1; lastKnownFileType = text.xcconfig; name = "Pods-BetterTimerUITests.debug.xcconfig"; path = "Pods/Target Support Files/Pods-BetterTimerUITests/Pods-BetterTimerUITests.debug.xcconfig"; sourceTree = "<group>"; };
		5EC673F83FADA2C3FE3DD1EF /* Pods-BetterTimer.release.xcconfig */ = {isa = PBXFileReference; includeInIndex = 1; lastKnownFileType = text.xcconfig; name = "Pods-BetterTimer.release.xcconfig"; path = "Pods/Target Support Files/Pods-BetterTimer/Pods-BetterTimer.release.xcconfig"; sourceTree = "<group>"; };
		66B466BC1355D37863F549CF /* Pods_BetterTimerUITests.framework */ = {isa = PBXFileReference; explicitFileType = wrapper.framework; includeInIndex = 0; path = Pods_BetterTimerUITests.framework; sourceTree = BUILT_PRODUCTS_DIR; };
		84DF990166B4F855E9D5CFAA /* Pods-BetterTimerTests.debug.xcconfig */ = {isa = PBXFileReference; includeInIndex = 1; lastKnownFileType = text.xcconfig; name = "Pods-BetterTimerTests.debug.xcconfig"; path = "Pods/Target Support Files/Pods-BetterTimerTests/Pods-BetterTimerTests.debug.xcconfig"; sourceTree = "<group>"; };
		90DFE2216651A87955C2F1AA /* Pods-BetterTimerUITests.release.xcconfig */ = {isa = PBXFileReference; includeInIndex = 1; lastKnownFileType = text.xcconfig; name = "Pods-BetterTimerUITests.release.xcconfig"; path = "Pods/Target Support Files/Pods-BetterTimerUITests/Pods-BetterTimerUITests.release.xcconfig"; sourceTree = "<group>"; };
		BF7D9437257A11198390ED5E /* Pods_BetterTimer.framework */ = {isa = PBXFileReference; explicitFileType = wrapper.framework; includeInIndex = 0; path = Pods_BetterTimer.framework; sourceTree = BUILT_PRODUCTS_DIR; };
		D09E856BAF827FE2C35F05AD /* Pods-BetterTimer.debug.xcconfig */ = {isa = PBXFileReference; includeInIndex = 1; lastKnownFileType = text.xcconfig; name = "Pods-BetterTimer.debug.xcconfig"; path = "Pods/Target Support Files/Pods-BetterTimer/Pods-BetterTimer.debug.xcconfig"; sourceTree = "<group>"; };
		FA00EF712507BBC6008F1521 /* BetterTimer.entitlements */ = {isa = PBXFileReference; lastKnownFileType = text.plist.entitlements; path = BetterTimer.entitlements; sourceTree = "<group>"; };
		FA498B3022047BBF001391C1 /* BTGlobalTimer.swift */ = {isa = PBXFileReference; lastKnownFileType = sourcecode.swift; path = BTGlobalTimer.swift; sourceTree = "<group>"; };
		FA498B322204800F001391C1 /* MainArcView.swift */ = {isa = PBXFileReference; lastKnownFileType = sourcecode.swift; path = MainArcView.swift; sourceTree = "<group>"; };
		FA55BF8522E8897900137D0C /* PreferenceController.swift */ = {isa = PBXFileReference; lastKnownFileType = sourcecode.swift; path = PreferenceController.swift; sourceTree = "<group>"; };
		FA6245DA222979A10029152E /* LaunchScreen.storyboard */ = {isa = PBXFileReference; lastKnownFileType = file.storyboard; path = LaunchScreen.storyboard; sourceTree = "<group>"; };
		FA6A8B9323168C100090C1BA /* MainViewModel.swift */ = {isa = PBXFileReference; lastKnownFileType = sourcecode.swift; path = MainViewModel.swift; sourceTree = "<group>"; };
		FA6A8B972316A28A0090C1BA /* NotificationManager.swift */ = {isa = PBXFileReference; lastKnownFileType = sourcecode.swift; path = NotificationManager.swift; sourceTree = "<group>"; };
		FA6A8B992316A2A30090C1BA /* TimerManager.swift */ = {isa = PBXFileReference; lastKnownFileType = sourcecode.swift; path = TimerManager.swift; sourceTree = "<group>"; };
		FA6A8B9C2318E2860090C1BA /* Coordinator.swift */ = {isa = PBXFileReference; lastKnownFileType = sourcecode.swift; path = Coordinator.swift; sourceTree = "<group>"; };
		FA6A8B9E2318E3300090C1BA /* AppCoordinator.swift */ = {isa = PBXFileReference; lastKnownFileType = sourcecode.swift; path = AppCoordinator.swift; sourceTree = "<group>"; };
		FA6A8BA02318EB9A0090C1BA /* NavigationDelegate.swift */ = {isa = PBXFileReference; lastKnownFileType = sourcecode.swift; path = NavigationDelegate.swift; sourceTree = "<group>"; };
		FAA414A522033B1A00AB0707 /* BetterTimer.app */ = {isa = PBXFileReference; explicitFileType = wrapper.application; includeInIndex = 0; path = BetterTimer.app; sourceTree = BUILT_PRODUCTS_DIR; };
		FAA414A822033B1A00AB0707 /* AppDelegate.swift */ = {isa = PBXFileReference; lastKnownFileType = sourcecode.swift; path = AppDelegate.swift; sourceTree = "<group>"; };
		FAA414AA22033B1A00AB0707 /* MainController.swift */ = {isa = PBXFileReference; lastKnownFileType = sourcecode.swift; path = MainController.swift; sourceTree = "<group>"; };
		FAA414AF22033B1B00AB0707 /* Assets.xcassets */ = {isa = PBXFileReference; lastKnownFileType = folder.assetcatalog; path = Assets.xcassets; sourceTree = "<group>"; };
		FAA414B422033B1B00AB0707 /* Info.plist */ = {isa = PBXFileReference; lastKnownFileType = text.plist.xml; path = Info.plist; sourceTree = "<group>"; };
		FAA414B922033B1B00AB0707 /* BetterTimerTests.xctest */ = {isa = PBXFileReference; explicitFileType = wrapper.cfbundle; includeInIndex = 0; path = BetterTimerTests.xctest; sourceTree = BUILT_PRODUCTS_DIR; };
		FAA414BD22033B1B00AB0707 /* BetterTimerTests.swift */ = {isa = PBXFileReference; lastKnownFileType = sourcecode.swift; path = BetterTimerTests.swift; sourceTree = "<group>"; };
		FAA414BF22033B1B00AB0707 /* Info.plist */ = {isa = PBXFileReference; lastKnownFileType = text.plist.xml; path = Info.plist; sourceTree = "<group>"; };
		FAA414C422033B1B00AB0707 /* BetterTimerUITests.xctest */ = {isa = PBXFileReference; explicitFileType = wrapper.cfbundle; includeInIndex = 0; path = BetterTimerUITests.xctest; sourceTree = BUILT_PRODUCTS_DIR; };
		FAA414C822033B1B00AB0707 /* BetterTimerUITests.swift */ = {isa = PBXFileReference; lastKnownFileType = sourcecode.swift; path = BetterTimerUITests.swift; sourceTree = "<group>"; };
		FAA414CA22033B1B00AB0707 /* Info.plist */ = {isa = PBXFileReference; lastKnownFileType = text.plist.xml; path = Info.plist; sourceTree = "<group>"; };
		FACD62D32205BEDC00E4681C /* BTPreference.swift */ = {isa = PBXFileReference; lastKnownFileType = sourcecode.swift; path = BTPreference.swift; sourceTree = "<group>"; };
/* End PBXFileReference section */

/* Begin PBXFrameworksBuildPhase section */
		FAA414A222033B1A00AB0707 /* Frameworks */ = {
			isa = PBXFrameworksBuildPhase;
			buildActionMask = 2147483647;
			files = (
				66CE574C502C51529CBA1E45 /* Pods_BetterTimer.framework in Frameworks */,
			);
			runOnlyForDeploymentPostprocessing = 0;
		};
		FAA414B622033B1B00AB0707 /* Frameworks */ = {
			isa = PBXFrameworksBuildPhase;
			buildActionMask = 2147483647;
			files = (
				E3D406EE074E3FCD8C773E7B /* Pods_BetterTimerTests.framework in Frameworks */,
			);
			runOnlyForDeploymentPostprocessing = 0;
		};
		FAA414C122033B1B00AB0707 /* Frameworks */ = {
			isa = PBXFrameworksBuildPhase;
			buildActionMask = 2147483647;
			files = (
				295B83D8DBC14BCFCB9B0341 /* Pods_BetterTimerUITests.framework in Frameworks */,
			);
			runOnlyForDeploymentPostprocessing = 0;
		};
/* End PBXFrameworksBuildPhase section */

/* Begin PBXGroup section */
		9CC89FBE58BFE2B3517362FC /* Frameworks */ = {
			isa = PBXGroup;
			children = (
				BF7D9437257A11198390ED5E /* Pods_BetterTimer.framework */,
				23C6C2F76B7BAC81CCCD2D47 /* Pods_BetterTimerTests.framework */,
				66B466BC1355D37863F549CF /* Pods_BetterTimerUITests.framework */,
			);
			name = Frameworks;
			sourceTree = "<group>";
		};
		D9A79F45EECE49153838EA9D /* Pods */ = {
			isa = PBXGroup;
			children = (
				D09E856BAF827FE2C35F05AD /* Pods-BetterTimer.debug.xcconfig */,
				5EC673F83FADA2C3FE3DD1EF /* Pods-BetterTimer.release.xcconfig */,
				84DF990166B4F855E9D5CFAA /* Pods-BetterTimerTests.debug.xcconfig */,
				1ECF87627D570C66CBCF3FBA /* Pods-BetterTimerTests.release.xcconfig */,
				2506E6F3E4413EB5F0C540B6 /* Pods-BetterTimerUITests.debug.xcconfig */,
				90DFE2216651A87955C2F1AA /* Pods-BetterTimerUITests.release.xcconfig */,
			);
			name = Pods;
			sourceTree = "<group>";
		};
		FA6A8B91231689780090C1BA /* Controllers */ = {
			isa = PBXGroup;
			children = (
				FAA414AA22033B1A00AB0707 /* MainController.swift */,
				FA55BF8522E8897900137D0C /* PreferenceController.swift */,
			);
			path = Controllers;
			sourceTree = "<group>";
		};
		FA6A8B9223168BB50090C1BA /* ViewModels */ = {
			isa = PBXGroup;
			children = (
				FA6A8B9323168C100090C1BA /* MainViewModel.swift */,
			);
			path = ViewModels;
			sourceTree = "<group>";
		};
		FA6A8B962316A26D0090C1BA /* Managers */ = {
			isa = PBXGroup;
			children = (
				FA6A8B972316A28A0090C1BA /* NotificationManager.swift */,
				FA6A8B992316A2A30090C1BA /* TimerManager.swift */,
				FA498B3022047BBF001391C1 /* BTGlobalTimer.swift */,
			);
			path = Managers;
			sourceTree = "<group>";
		};
		FA6A8B9B2318E2790090C1BA /* Coordinator */ = {
			isa = PBXGroup;
			children = (
				FA6A8B9C2318E2860090C1BA /* Coordinator.swift */,
				FA6A8B9E2318E3300090C1BA /* AppCoordinator.swift */,
			);
			path = Coordinator;
			sourceTree = "<group>";
		};
		FAA4149C22033B1A00AB0707 = {
			isa = PBXGroup;
			children = (
				FAA414A722033B1A00AB0707 /* BetterTimer */,
				FAA414BC22033B1B00AB0707 /* BetterTimerTests */,
				FAA414C722033B1B00AB0707 /* BetterTimerUITests */,
				FAA414A622033B1A00AB0707 /* Products */,
				D9A79F45EECE49153838EA9D /* Pods */,
				9CC89FBE58BFE2B3517362FC /* Frameworks */,
			);
			sourceTree = "<group>";
		};
		FAA414A622033B1A00AB0707 /* Products */ = {
			isa = PBXGroup;
			children = (
				FAA414A522033B1A00AB0707 /* BetterTimer.app */,
				FAA414B922033B1B00AB0707 /* BetterTimerTests.xctest */,
				FAA414C422033B1B00AB0707 /* BetterTimerUITests.xctest */,
			);
			name = Products;
			sourceTree = "<group>";
		};
		FAA414A722033B1A00AB0707 /* BetterTimer */ = {
			isa = PBXGroup;
			children = (
				FA00EF712507BBC6008F1521 /* BetterTimer.entitlements */,
				FA6A8B9B2318E2790090C1BA /* Coordinator */,
				FA6A8B962316A26D0090C1BA /* Managers */,
				FA6A8B9223168BB50090C1BA /* ViewModels */,
				FA6A8B91231689780090C1BA /* Controllers */,
				FAA414A822033B1A00AB0707 /* AppDelegate.swift */,
				FAA414AF22033B1B00AB0707 /* Assets.xcassets */,
				FAA414B422033B1B00AB0707 /* Info.plist */,
				FA498B322204800F001391C1 /* MainArcView.swift */,
				FACD62D32205BEDC00E4681C /* BTPreference.swift */,
				FA6245DA222979A10029152E /* LaunchScreen.storyboard */,
				FA6A8BA02318EB9A0090C1BA /* NavigationDelegate.swift */,
			);
			path = BetterTimer;
			sourceTree = "<group>";
		};
		FAA414BC22033B1B00AB0707 /* BetterTimerTests */ = {
			isa = PBXGroup;
			children = (
				FAA414BD22033B1B00AB0707 /* BetterTimerTests.swift */,
				FAA414BF22033B1B00AB0707 /* Info.plist */,
			);
			path = BetterTimerTests;
			sourceTree = "<group>";
		};
		FAA414C722033B1B00AB0707 /* BetterTimerUITests */ = {
			isa = PBXGroup;
			children = (
				FAA414C822033B1B00AB0707 /* BetterTimerUITests.swift */,
				FAA414CA22033B1B00AB0707 /* Info.plist */,
			);
			path = BetterTimerUITests;
			sourceTree = "<group>";
		};
/* End PBXGroup section */

/* Begin PBXNativeTarget section */
		FAA414A422033B1A00AB0707 /* BetterTimer */ = {
			isa = PBXNativeTarget;
			buildConfigurationList = FAA414CD22033B1B00AB0707 /* Build configuration list for PBXNativeTarget "BetterTimer" */;
			buildPhases = (
				57A8F273A0BEFF35F67E5E0A /* [CP] Check Pods Manifest.lock */,
				FAA414A122033B1A00AB0707 /* Sources */,
				FAA414A222033B1A00AB0707 /* Frameworks */,
				FAA414A322033B1A00AB0707 /* Resources */,
				7B3B98A524C51197ECADA344 /* [CP] Embed Pods Frameworks */,
				FA08FA652217064E003ECC10 /* ShellScript */,
			);
			buildRules = (
			);
			dependencies = (
			);
			name = BetterTimer;
			productName = BetterTimer;
			productReference = FAA414A522033B1A00AB0707 /* BetterTimer.app */;
			productType = "com.apple.product-type.application";
		};
		FAA414B822033B1B00AB0707 /* BetterTimerTests */ = {
			isa = PBXNativeTarget;
			buildConfigurationList = FAA414D022033B1B00AB0707 /* Build configuration list for PBXNativeTarget "BetterTimerTests" */;
			buildPhases = (
				43C9FE3A77E9B10B0A2289E3 /* [CP] Check Pods Manifest.lock */,
				FAA414B522033B1B00AB0707 /* Sources */,
				FAA414B622033B1B00AB0707 /* Frameworks */,
				FAA414B722033B1B00AB0707 /* Resources */,
			);
			buildRules = (
			);
			dependencies = (
				FAA414BB22033B1B00AB0707 /* PBXTargetDependency */,
			);
			name = BetterTimerTests;
			productName = BetterTimerTests;
			productReference = FAA414B922033B1B00AB0707 /* BetterTimerTests.xctest */;
			productType = "com.apple.product-type.bundle.unit-test";
		};
		FAA414C322033B1B00AB0707 /* BetterTimerUITests */ = {
			isa = PBXNativeTarget;
			buildConfigurationList = FAA414D322033B1B00AB0707 /* Build configuration list for PBXNativeTarget "BetterTimerUITests" */;
			buildPhases = (
				F71482599E9774F16E730F8F /* [CP] Check Pods Manifest.lock */,
				FAA414C022033B1B00AB0707 /* Sources */,
				FAA414C122033B1B00AB0707 /* Frameworks */,
				FAA414C222033B1B00AB0707 /* Resources */,
			);
			buildRules = (
			);
			dependencies = (
				FAA414C622033B1B00AB0707 /* PBXTargetDependency */,
			);
			name = BetterTimerUITests;
			productName = BetterTimerUITests;
			productReference = FAA414C422033B1B00AB0707 /* BetterTimerUITests.xctest */;
			productType = "com.apple.product-type.bundle.ui-testing";
		};
/* End PBXNativeTarget section */

/* Begin PBXProject section */
		FAA4149D22033B1A00AB0707 /* Project object */ = {
			isa = PBXProject;
			attributes = {
				LastSwiftUpdateCheck = 1010;
				LastUpgradeCheck = 1010;
				ORGANIZATIONNAME = "Myungji Choi";
				TargetAttributes = {
					FAA414A422033B1A00AB0707 = {
						CreatedOnToolsVersion = 10.1;
						LastSwiftMigration = 1020;
					};
					FAA414B822033B1B00AB0707 = {
						CreatedOnToolsVersion = 10.1;
						LastSwiftMigration = 1020;
						TestTargetID = FAA414A422033B1A00AB0707;
					};
					FAA414C322033B1B00AB0707 = {
						CreatedOnToolsVersion = 10.1;
						LastSwiftMigration = 1020;
						TestTargetID = FAA414A422033B1A00AB0707;
					};
				};
			};
			buildConfigurationList = FAA414A022033B1A00AB0707 /* Build configuration list for PBXProject "BetterTimer" */;
			compatibilityVersion = "Xcode 9.3";
			developmentRegion = en;
			hasScannedForEncodings = 0;
			knownRegions = (
				en,
				Base,
			);
			mainGroup = FAA4149C22033B1A00AB0707;
			productRefGroup = FAA414A622033B1A00AB0707 /* Products */;
			projectDirPath = "";
			projectRoot = "";
			targets = (
				FAA414A422033B1A00AB0707 /* BetterTimer */,
				FAA414B822033B1B00AB0707 /* BetterTimerTests */,
				FAA414C322033B1B00AB0707 /* BetterTimerUITests */,
			);
		};
/* End PBXProject section */

/* Begin PBXResourcesBuildPhase section */
		FAA414A322033B1A00AB0707 /* Resources */ = {
			isa = PBXResourcesBuildPhase;
			buildActionMask = 2147483647;
			files = (
				FAA414B022033B1B00AB0707 /* Assets.xcassets in Resources */,
				FA6245DB222979A10029152E /* LaunchScreen.storyboard in Resources */,
			);
			runOnlyForDeploymentPostprocessing = 0;
		};
		FAA414B722033B1B00AB0707 /* Resources */ = {
			isa = PBXResourcesBuildPhase;
			buildActionMask = 2147483647;
			files = (
			);
			runOnlyForDeploymentPostprocessing = 0;
		};
		FAA414C222033B1B00AB0707 /* Resources */ = {
			isa = PBXResourcesBuildPhase;
			buildActionMask = 2147483647;
			files = (
			);
			runOnlyForDeploymentPostprocessing = 0;
		};
/* End PBXResourcesBuildPhase section */

/* Begin PBXShellScriptBuildPhase section */
		43C9FE3A77E9B10B0A2289E3 /* [CP] Check Pods Manifest.lock */ = {
			isa = PBXShellScriptBuildPhase;
			buildActionMask = 2147483647;
			files = (
			);
			inputFileListPaths = (
			);
			inputPaths = (
				"${PODS_PODFILE_DIR_PATH}/Podfile.lock",
				"${PODS_ROOT}/Manifest.lock",
			);
			name = "[CP] Check Pods Manifest.lock";
			outputFileListPaths = (
			);
			outputPaths = (
				"$(DERIVED_FILE_DIR)/Pods-BetterTimerTests-checkManifestLockResult.txt",
			);
			runOnlyForDeploymentPostprocessing = 0;
			shellPath = /bin/sh;
			shellScript = "diff \"${PODS_PODFILE_DIR_PATH}/Podfile.lock\" \"${PODS_ROOT}/Manifest.lock\" > /dev/null\nif [ $? != 0 ] ; then\n    # print error to STDERR\n    echo \"error: The sandbox is not in sync with the Podfile.lock. Run 'pod install' or update your CocoaPods installation.\" >&2\n    exit 1\nfi\n# This output is used by Xcode 'outputs' to avoid re-running this script phase.\necho \"SUCCESS\" > \"${SCRIPT_OUTPUT_FILE_0}\"\n";
			showEnvVarsInLog = 0;
		};
		57A8F273A0BEFF35F67E5E0A /* [CP] Check Pods Manifest.lock */ = {
			isa = PBXShellScriptBuildPhase;
			buildActionMask = 2147483647;
			files = (
			);
			inputFileListPaths = (
			);
			inputPaths = (
				"${PODS_PODFILE_DIR_PATH}/Podfile.lock",
				"${PODS_ROOT}/Manifest.lock",
			);
			name = "[CP] Check Pods Manifest.lock";
			outputFileListPaths = (
			);
			outputPaths = (
				"$(DERIVED_FILE_DIR)/Pods-BetterTimer-checkManifestLockResult.txt",
			);
			runOnlyForDeploymentPostprocessing = 0;
			shellPath = /bin/sh;
			shellScript = "diff \"${PODS_PODFILE_DIR_PATH}/Podfile.lock\" \"${PODS_ROOT}/Manifest.lock\" > /dev/null\nif [ $? != 0 ] ; then\n    # print error to STDERR\n    echo \"error: The sandbox is not in sync with the Podfile.lock. Run 'pod install' or update your CocoaPods installation.\" >&2\n    exit 1\nfi\n# This output is used by Xcode 'outputs' to avoid re-running this script phase.\necho \"SUCCESS\" > \"${SCRIPT_OUTPUT_FILE_0}\"\n";
			showEnvVarsInLog = 0;
		};
		7B3B98A524C51197ECADA344 /* [CP] Embed Pods Frameworks */ = {
			isa = PBXShellScriptBuildPhase;
			buildActionMask = 2147483647;
			files = (
			);
			inputFileListPaths = (
				"${PODS_ROOT}/Target Support Files/Pods-BetterTimer/Pods-BetterTimer-frameworks-${CONFIGURATION}-input-files.xcfilelist",
			);
			name = "[CP] Embed Pods Frameworks";
			outputFileListPaths = (
				"${PODS_ROOT}/Target Support Files/Pods-BetterTimer/Pods-BetterTimer-frameworks-${CONFIGURATION}-output-files.xcfilelist",
			);
			runOnlyForDeploymentPostprocessing = 0;
			shellPath = /bin/sh;
			shellScript = "\"${PODS_ROOT}/Target Support Files/Pods-BetterTimer/Pods-BetterTimer-frameworks.sh\"\n";
			showEnvVarsInLog = 0;
		};
		F71482599E9774F16E730F8F /* [CP] Check Pods Manifest.lock */ = {
			isa = PBXShellScriptBuildPhase;
			buildActionMask = 2147483647;
			files = (
			);
			inputFileListPaths = (
			);
			inputPaths = (
				"${PODS_PODFILE_DIR_PATH}/Podfile.lock",
				"${PODS_ROOT}/Manifest.lock",
			);
			name = "[CP] Check Pods Manifest.lock";
			outputFileListPaths = (
			);
			outputPaths = (
				"$(DERIVED_FILE_DIR)/Pods-BetterTimerUITests-checkManifestLockResult.txt",
			);
			runOnlyForDeploymentPostprocessing = 0;
			shellPath = /bin/sh;
			shellScript = "diff \"${PODS_PODFILE_DIR_PATH}/Podfile.lock\" \"${PODS_ROOT}/Manifest.lock\" > /dev/null\nif [ $? != 0 ] ; then\n    # print error to STDERR\n    echo \"error: The sandbox is not in sync with the Podfile.lock. Run 'pod install' or update your CocoaPods installation.\" >&2\n    exit 1\nfi\n# This output is used by Xcode 'outputs' to avoid re-running this script phase.\necho \"SUCCESS\" > \"${SCRIPT_OUTPUT_FILE_0}\"\n";
			showEnvVarsInLog = 0;
		};
		FA08FA652217064E003ECC10 /* ShellScript */ = {
			isa = PBXShellScriptBuildPhase;
			buildActionMask = 2147483647;
			files = (
			);
			inputFileListPaths = (
			);
			inputPaths = (
			);
			outputFileListPaths = (
			);
			outputPaths = (
			);
			runOnlyForDeploymentPostprocessing = 0;
			shellPath = /bin/sh;
			shellScript = "\"${PODS_ROOT}/SwiftLint/swiftlint\"\n";
		};
/* End PBXShellScriptBuildPhase section */

/* Begin PBXSourcesBuildPhase section */
		FAA414A122033B1A00AB0707 /* Sources */ = {
			isa = PBXSourcesBuildPhase;
			buildActionMask = 2147483647;
			files = (
				FA6A8B9F2318E3300090C1BA /* AppCoordinator.swift in Sources */,
				FA6A8B9423168C100090C1BA /* MainViewModel.swift in Sources */,
				FAA414AB22033B1A00AB0707 /* MainController.swift in Sources */,
				FA6A8B9D2318E2860090C1BA /* Coordinator.swift in Sources */,
				FA498B3122047BBF001391C1 /* BTGlobalTimer.swift in Sources */,
				FACD62D42205BEDC00E4681C /* BTPreference.swift in Sources */,
				FA55BF8622E8897900137D0C /* PreferenceController.swift in Sources */,
				FA498B332204800F001391C1 /* MainArcView.swift in Sources */,
				FA6A8B9A2316A2A30090C1BA /* TimerManager.swift in Sources */,
				FA6A8B982316A28A0090C1BA /* NotificationManager.swift in Sources */,
				FA6A8BA12318EB9A0090C1BA /* NavigationDelegate.swift in Sources */,
				FAA414A922033B1A00AB0707 /* AppDelegate.swift in Sources */,
			);
			runOnlyForDeploymentPostprocessing = 0;
		};
		FAA414B522033B1B00AB0707 /* Sources */ = {
			isa = PBXSourcesBuildPhase;
			buildActionMask = 2147483647;
			files = (
				FAA414BE22033B1B00AB0707 /* BetterTimerTests.swift in Sources */,
			);
			runOnlyForDeploymentPostprocessing = 0;
		};
		FAA414C022033B1B00AB0707 /* Sources */ = {
			isa = PBXSourcesBuildPhase;
			buildActionMask = 2147483647;
			files = (
				FAA414C922033B1B00AB0707 /* BetterTimerUITests.swift in Sources */,
			);
			runOnlyForDeploymentPostprocessing = 0;
		};
/* End PBXSourcesBuildPhase section */

/* Begin PBXTargetDependency section */
		FAA414BB22033B1B00AB0707 /* PBXTargetDependency */ = {
			isa = PBXTargetDependency;
			target = FAA414A422033B1A00AB0707 /* BetterTimer */;
			targetProxy = FAA414BA22033B1B00AB0707 /* PBXContainerItemProxy */;
		};
		FAA414C622033B1B00AB0707 /* PBXTargetDependency */ = {
			isa = PBXTargetDependency;
			target = FAA414A422033B1A00AB0707 /* BetterTimer */;
			targetProxy = FAA414C522033B1B00AB0707 /* PBXContainerItemProxy */;
		};
/* End PBXTargetDependency section */

/* Begin XCBuildConfiguration section */
		FAA414CB22033B1B00AB0707 /* Debug */ = {
			isa = XCBuildConfiguration;
			buildSettings = {
				ALWAYS_SEARCH_USER_PATHS = NO;
				CLANG_ANALYZER_NONNULL = YES;
				CLANG_ANALYZER_NUMBER_OBJECT_CONVERSION = YES_AGGRESSIVE;
				CLANG_CXX_LANGUAGE_STANDARD = "gnu++14";
				CLANG_CXX_LIBRARY = "libc++";
				CLANG_ENABLE_MODULES = YES;
				CLANG_ENABLE_OBJC_ARC = YES;
				CLANG_ENABLE_OBJC_WEAK = YES;
				CLANG_WARN_BLOCK_CAPTURE_AUTORELEASING = YES;
				CLANG_WARN_BOOL_CONVERSION = YES;
				CLANG_WARN_COMMA = YES;
				CLANG_WARN_CONSTANT_CONVERSION = YES;
				CLANG_WARN_DEPRECATED_OBJC_IMPLEMENTATIONS = YES;
				CLANG_WARN_DIRECT_OBJC_ISA_USAGE = YES_ERROR;
				CLANG_WARN_DOCUMENTATION_COMMENTS = YES;
				CLANG_WARN_EMPTY_BODY = YES;
				CLANG_WARN_ENUM_CONVERSION = YES;
				CLANG_WARN_INFINITE_RECURSION = YES;
				CLANG_WARN_INT_CONVERSION = YES;
				CLANG_WARN_NON_LITERAL_NULL_CONVERSION = YES;
				CLANG_WARN_OBJC_IMPLICIT_RETAIN_SELF = YES;
				CLANG_WARN_OBJC_LITERAL_CONVERSION = YES;
				CLANG_WARN_OBJC_ROOT_CLASS = YES_ERROR;
				CLANG_WARN_RANGE_LOOP_ANALYSIS = YES;
				CLANG_WARN_STRICT_PROTOTYPES = YES;
				CLANG_WARN_SUSPICIOUS_MOVE = YES;
				CLANG_WARN_UNGUARDED_AVAILABILITY = YES_AGGRESSIVE;
				CLANG_WARN_UNREACHABLE_CODE = YES;
				CLANG_WARN__DUPLICATE_METHOD_MATCH = YES;
				CODE_SIGN_IDENTITY = "iPhone Developer";
				COPY_PHASE_STRIP = NO;
				DEBUG_INFORMATION_FORMAT = dwarf;
				ENABLE_STRICT_OBJC_MSGSEND = YES;
				ENABLE_TESTABILITY = YES;
				GCC_C_LANGUAGE_STANDARD = gnu11;
				GCC_DYNAMIC_NO_PIC = NO;
				GCC_NO_COMMON_BLOCKS = YES;
				GCC_OPTIMIZATION_LEVEL = 0;
				GCC_PREPROCESSOR_DEFINITIONS = (
					"DEBUG=1",
					"$(inherited)",
				);
				GCC_WARN_64_TO_32_BIT_CONVERSION = YES;
				GCC_WARN_ABOUT_RETURN_TYPE = YES_ERROR;
				GCC_WARN_UNDECLARED_SELECTOR = YES;
				GCC_WARN_UNINITIALIZED_AUTOS = YES_AGGRESSIVE;
				GCC_WARN_UNUSED_FUNCTION = YES;
				GCC_WARN_UNUSED_VARIABLE = YES;
				IPHONEOS_DEPLOYMENT_TARGET = 12.1;
				MTL_ENABLE_DEBUG_INFO = INCLUDE_SOURCE;
				MTL_FAST_MATH = YES;
				ONLY_ACTIVE_ARCH = YES;
				SDKROOT = iphoneos;
				SWIFT_ACTIVE_COMPILATION_CONDITIONS = DEBUG;
				SWIFT_OPTIMIZATION_LEVEL = "-Onone";
			};
			name = Debug;
		};
		FAA414CC22033B1B00AB0707 /* Release */ = {
			isa = XCBuildConfiguration;
			buildSettings = {
				ALWAYS_SEARCH_USER_PATHS = NO;
				CLANG_ANALYZER_NONNULL = YES;
				CLANG_ANALYZER_NUMBER_OBJECT_CONVERSION = YES_AGGRESSIVE;
				CLANG_CXX_LANGUAGE_STANDARD = "gnu++14";
				CLANG_CXX_LIBRARY = "libc++";
				CLANG_ENABLE_MODULES = YES;
				CLANG_ENABLE_OBJC_ARC = YES;
				CLANG_ENABLE_OBJC_WEAK = YES;
				CLANG_WARN_BLOCK_CAPTURE_AUTORELEASING = YES;
				CLANG_WARN_BOOL_CONVERSION = YES;
				CLANG_WARN_COMMA = YES;
				CLANG_WARN_CONSTANT_CONVERSION = YES;
				CLANG_WARN_DEPRECATED_OBJC_IMPLEMENTATIONS = YES;
				CLANG_WARN_DIRECT_OBJC_ISA_USAGE = YES_ERROR;
				CLANG_WARN_DOCUMENTATION_COMMENTS = YES;
				CLANG_WARN_EMPTY_BODY = YES;
				CLANG_WARN_ENUM_CONVERSION = YES;
				CLANG_WARN_INFINITE_RECURSION = YES;
				CLANG_WARN_INT_CONVERSION = YES;
				CLANG_WARN_NON_LITERAL_NULL_CONVERSION = YES;
				CLANG_WARN_OBJC_IMPLICIT_RETAIN_SELF = YES;
				CLANG_WARN_OBJC_LITERAL_CONVERSION = YES;
				CLANG_WARN_OBJC_ROOT_CLASS = YES_ERROR;
				CLANG_WARN_RANGE_LOOP_ANALYSIS = YES;
				CLANG_WARN_STRICT_PROTOTYPES = YES;
				CLANG_WARN_SUSPICIOUS_MOVE = YES;
				CLANG_WARN_UNGUARDED_AVAILABILITY = YES_AGGRESSIVE;
				CLANG_WARN_UNREACHABLE_CODE = YES;
				CLANG_WARN__DUPLICATE_METHOD_MATCH = YES;
				CODE_SIGN_IDENTITY = "iPhone Developer";
				COPY_PHASE_STRIP = NO;
				DEBUG_INFORMATION_FORMAT = "dwarf-with-dsym";
				ENABLE_NS_ASSERTIONS = NO;
				ENABLE_STRICT_OBJC_MSGSEND = YES;
				GCC_C_LANGUAGE_STANDARD = gnu11;
				GCC_NO_COMMON_BLOCKS = YES;
				GCC_WARN_64_TO_32_BIT_CONVERSION = YES;
				GCC_WARN_ABOUT_RETURN_TYPE = YES_ERROR;
				GCC_WARN_UNDECLARED_SELECTOR = YES;
				GCC_WARN_UNINITIALIZED_AUTOS = YES_AGGRESSIVE;
				GCC_WARN_UNUSED_FUNCTION = YES;
				GCC_WARN_UNUSED_VARIABLE = YES;
				IPHONEOS_DEPLOYMENT_TARGET = 12.1;
				MTL_ENABLE_DEBUG_INFO = NO;
				MTL_FAST_MATH = YES;
				SDKROOT = iphoneos;
				SWIFT_COMPILATION_MODE = wholemodule;
				SWIFT_OPTIMIZATION_LEVEL = "-O";
				VALIDATE_PRODUCT = YES;
			};
			name = Release;
		};
		FAA414CE22033B1B00AB0707 /* Debug */ = {
			isa = XCBuildConfiguration;
			baseConfigurationReference = D09E856BAF827FE2C35F05AD /* Pods-BetterTimer.debug.xcconfig */;
			buildSettings = {
				ASSETCATALOG_COMPILER_APPICON_NAME = AppIcon;
				CODE_SIGN_ENTITLEMENTS = BetterTimer/BetterTimer.entitlements;
				CODE_SIGN_STYLE = Automatic;
				DEVELOPMENT_TEAM = JVM82SQA75;
				INFOPLIST_FILE = BetterTimer/Info.plist;
				LD_RUNPATH_SEARCH_PATHS = (
					"$(inherited)",
					"@executable_path/Frameworks",
				);
				PRODUCT_BUNDLE_IDENTIFIER = com.BetterTimer;
				PRODUCT_NAME = "$(TARGET_NAME)";
				SUPPORTS_MACCATALYST = YES;
				SWIFT_VERSION = 5.0;
				TARGETED_DEVICE_FAMILY = "1,2";
			};
			name = Debug;
		};
		FAA414CF22033B1B00AB0707 /* Release */ = {
			isa = XCBuildConfiguration;
			baseConfigurationReference = 5EC673F83FADA2C3FE3DD1EF /* Pods-BetterTimer.release.xcconfig */;
			buildSettings = {
				ASSETCATALOG_COMPILER_APPICON_NAME = AppIcon;
				CODE_SIGN_ENTITLEMENTS = BetterTimer/BetterTimer.entitlements;
				CODE_SIGN_STYLE = Automatic;
				DEVELOPMENT_TEAM = JVM82SQA75;
				INFOPLIST_FILE = BetterTimer/Info.plist;
				LD_RUNPATH_SEARCH_PATHS = (
					"$(inherited)",
					"@executable_path/Frameworks",
				);
				PRODUCT_BUNDLE_IDENTIFIER = com.BetterTimer;
				PRODUCT_NAME = "$(TARGET_NAME)";
				SUPPORTS_MACCATALYST = YES;
				SWIFT_VERSION = 5.0;
				TARGETED_DEVICE_FAMILY = "1,2";
			};
			name = Release;
		};
		FAA414D122033B1B00AB0707 /* Debug */ = {
			isa = XCBuildConfiguration;
			baseConfigurationReference = 84DF990166B4F855E9D5CFAA /* Pods-BetterTimerTests.debug.xcconfig */;
			buildSettings = {
				ALWAYS_EMBED_SWIFT_STANDARD_LIBRARIES = YES;
				BUNDLE_LOADER = "$(TEST_HOST)";
				CODE_SIGN_STYLE = Automatic;
				INFOPLIST_FILE = BetterTimerTests/Info.plist;
				LD_RUNPATH_SEARCH_PATHS = (
					"$(inherited)",
					"@executable_path/Frameworks",
					"@loader_path/Frameworks",
				);
				PRODUCT_BUNDLE_IDENTIFIER = com.BetterTimerTests;
				PRODUCT_NAME = "$(TARGET_NAME)";
				SWIFT_VERSION = 5.0;
				TARGETED_DEVICE_FAMILY = "1,2";
				TEST_HOST = "$(BUILT_PRODUCTS_DIR)/BetterTimer.app/BetterTimer";
			};
			name = Debug;
		};
		FAA414D222033B1B00AB0707 /* Release */ = {
			isa = XCBuildConfiguration;
			baseConfigurationReference = 1ECF87627D570C66CBCF3FBA /* Pods-BetterTimerTests.release.xcconfig */;
			buildSettings = {
				ALWAYS_EMBED_SWIFT_STANDARD_LIBRARIES = YES;
				BUNDLE_LOADER = "$(TEST_HOST)";
				CODE_SIGN_STYLE = Automatic;
				INFOPLIST_FILE = BetterTimerTests/Info.plist;
				LD_RUNPATH_SEARCH_PATHS = (
					"$(inherited)",
					"@executable_path/Frameworks",
					"@loader_path/Frameworks",
				);
				PRODUCT_BUNDLE_IDENTIFIER = com.BetterTimerTests;
				PRODUCT_NAME = "$(TARGET_NAME)";
				SWIFT_VERSION = 5.0;
				TARGETED_DEVICE_FAMILY = "1,2";
				TEST_HOST = "$(BUILT_PRODUCTS_DIR)/BetterTimer.app/BetterTimer";
			};
			name = Release;
		};
		FAA414D422033B1B00AB0707 /* Debug */ = {
			isa = XCBuildConfiguration;
			baseConfigurationReference = 2506E6F3E4413EB5F0C540B6 /* Pods-BetterTimerUITests.debug.xcconfig */;
			buildSettings = {
				ALWAYS_EMBED_SWIFT_STANDARD_LIBRARIES = YES;
				CODE_SIGN_STYLE = Automatic;
				INFOPLIST_FILE = BetterTimerUITests/Info.plist;
				LD_RUNPATH_SEARCH_PATHS = (
					"$(inherited)",
					"@executable_path/Frameworks",
					"@loader_path/Frameworks",
				);
				PRODUCT_BUNDLE_IDENTIFIER = com.BetterTimerUITests;
				PRODUCT_NAME = "$(TARGET_NAME)";
				SWIFT_VERSION = 5.0;
				TARGETED_DEVICE_FAMILY = "1,2";
				TEST_TARGET_NAME = BetterTimer;
			};
			name = Debug;
		};
		FAA414D522033B1B00AB0707 /* Release */ = {
			isa = XCBuildConfiguration;
			baseConfigurationReference = 90DFE2216651A87955C2F1AA /* Pods-BetterTimerUITests.release.xcconfig */;
			buildSettings = {
				ALWAYS_EMBED_SWIFT_STANDARD_LIBRARIES = YES;
				CODE_SIGN_STYLE = Automatic;
				INFOPLIST_FILE = BetterTimerUITests/Info.plist;
				LD_RUNPATH_SEARCH_PATHS = (
					"$(inherited)",
					"@executable_path/Frameworks",
					"@loader_path/Frameworks",
				);
				PRODUCT_BUNDLE_IDENTIFIER = com.BetterTimerUITests;
				PRODUCT_NAME = "$(TARGET_NAME)";
				SWIFT_VERSION = 5.0;
				TARGETED_DEVICE_FAMILY = "1,2";
				TEST_TARGET_NAME = BetterTimer;
			};
			name = Release;
		};
/* End XCBuildConfiguration section */

/* Begin XCConfigurationList section */
		FAA414A022033B1A00AB0707 /* Build configuration list for PBXProject "BetterTimer" */ = {
			isa = XCConfigurationList;
			buildConfigurations = (
				FAA414CB22033B1B00AB0707 /* Debug */,
				FAA414CC22033B1B00AB0707 /* Release */,
			);
			defaultConfigurationIsVisible = 0;
			defaultConfigurationName = Release;
		};
		FAA414CD22033B1B00AB0707 /* Build configuration list for PBXNativeTarget "BetterTimer" */ = {
			isa = XCConfigurationList;
			buildConfigurations = (
				FAA414CE22033B1B00AB0707 /* Debug */,
				FAA414CF22033B1B00AB0707 /* Release */,
			);
			defaultConfigurationIsVisible = 0;
			defaultConfigurationName = Release;
		};
		FAA414D022033B1B00AB0707 /* Build configuration list for PBXNativeTarget "BetterTimerTests" */ = {
			isa = XCConfigurationList;
			buildConfigurations = (
				FAA414D122033B1B00AB0707 /* Debug */,
				FAA414D222033B1B00AB0707 /* Release */,
			);
			defaultConfigurationIsVisible = 0;
			defaultConfigurationName = Release;
		};
		FAA414D322033B1B00AB0707 /* Build configuration list for PBXNativeTarget "BetterTimerUITests" */ = {
			isa = XCConfigurationList;
			buildConfigurations = (
				FAA414D422033B1B00AB0707 /* Debug */,
				FAA414D522033B1B00AB0707 /* Release */,
			);
			defaultConfigurationIsVisible = 0;
			defaultConfigurationName = Release;
		};
/* End XCConfigurationList section */
	};
	rootObject = FAA4149D22033B1A00AB0707 /* Project object */;
}
